
Microsoft Visual Studio Solution File, Format Version 12.00
# Visual Studio Version 17
VisualStudioVersion = 17.5.002.0
MinimumVisualStudioVersion = 10.0.40219.1
Project("{9A19103F-16F7-4668-BE54-9A1E7A4F7556}") = "Задача 1", "Задача 1\Задача 1.csproj", "{8E741538-C872-4037-B7DF-5153B26B4872}"
EndProject
Project("{9A19103F-16F7-4668-BE54-9A1E7A4F7556}") = "Задача 2", "Задача 2\Задача 2.csproj", "{A801F10E-7622-4BC5-A128-671D327C3BE0}"
EndProject
Project("{9A19103F-16F7-4668-BE54-9A1E7A4F7556}") = "Задача 3", "Задача 3\Задача 3.csproj", "{7A4D0323-8C4E-4F30-ACDF-3BE423440D1C}"
EndProject
Global
	GlobalSection(SolutionConfigurationPlatforms) = preSolution
		Debug|Any CPU = Debug|Any CPU
		Release|Any CPU = Release|Any CPU
	EndGlobalSection
	GlobalSection(ProjectConfigurationPlatforms) = postSolution
		{8E741538-C872-4037-B7DF-5153B26B4872}.Debug|Any CPU.ActiveCfg = Debug|Any CPU
		{8E741538-C872-4037-B7DF-5153B26B4872}.Debug|Any CPU.Build.0 = Debug|Any CPU
		{8E741538-C872-4037-B7DF-5153B26B4872}.Release|Any CPU.ActiveCfg = Release|Any CPU
		{8E741538-C872-4037-B7DF-5153B26B4872}.Release|Any CPU.Build.0 = Release|Any CPU
		{A801F10E-7622-4BC5-A128-671D327C3BE0}.Debug|Any CPU.ActiveCfg = Debug|Any CPU
		{A801F10E-7622-4BC5-A128-671D327C3BE0}.Debug|Any CPU.Build.0 = Debug|Any CPU
		{A801F10E-7622-4BC5-A128-671D327C3BE0}.Release|Any CPU.ActiveCfg = Release|Any CPU
		{A801F10E-7622-4BC5-A128-671D327C3BE0}.Release|Any CPU.Build.0 = Release|Any CPU
		{7A4D0323-8C4E-4F30-ACDF-3BE423440D1C}.Debug|Any CPU.ActiveCfg = Debug|Any CPU
		{7A4D0323-8C4E-4F30-ACDF-3BE423440D1C}.Debug|Any CPU.Build.0 = Debug|Any CPU
		{7A4D0323-8C4E-4F30-ACDF-3BE423440D1C}.Release|Any CPU.ActiveCfg = Release|Any CPU
		{7A4D0323-8C4E-4F30-ACDF-3BE423440D1C}.Release|Any CPU.Build.0 = Release|Any CPU
	EndGlobalSection
	GlobalSection(SolutionProperties) = preSolution
		HideSolutionNode = FALSE
	EndGlobalSection
	GlobalSection(ExtensibilityGlobals) = postSolution
		SolutionGuid = {DAAA2841-B193-48A2-AECA-4A19E7E7471E}
	EndGlobalSection
EndGlobal
